github.com/tythe-protocol/z_test2 v0.0.0-20190227200607-50b0f5006051 h1:YzZgVwtLRqmH2BQ3D2hmFpvXrd4AEdrc384D36tfLqc=
github.com/tythe-protocol/z_test2 v0.0.0-20190227200607-50b0f5006051/go.mod h1:l8+E4DecfQW5xjBOdV4t8JS1EZcmedVqU+fxOm5S9uE=
github.com/tythe-protocol/z_test2 v0.0.0-20190228001208-49bc46c8d347 h1:b6f6CmFp/twiBQzi/7XkqaR8B7WyROyhmeKiJdkjJ00=
github.com/tythe-protocol/z_test2 v0.0.0-20190228001208-49bc46c8d347/go.mod h1:l8+E4DecfQW5xjBOdV4t8JS1EZcmedVqU+fxOm5S9uE=
github.com/tythe-protocol/z_test3 v0.0.0-20190210063652-bd9f3ddaebfa h1:IsqGttGrvS5g9ri5La1uxyk8OCSzmT9iWuKPiMCsYcE=
github.com/tythe-protocol/z_test3 v0.0.0-20190210063652-bd9f3ddaebfa/go.mod h1:GsXViAvTJ7Ebi4zzUcPwrHI4YvKOmzpWsm5NgaDa1Rc=
