github.com/tythe-protocol/z_test2 v0.0.0-20190228001208-49bc46c8d347 h1:b6f6CmFp/twiBQzi/7XkqaR8B7WyROyhmeKiJdkjJ00=
github.com/tythe-protocol/z_test2 v0.0.0-20190228001208-49bc46c8d347/go.mod h1:l8+E4DecfQW5xjBOdV4t8JS1EZcmedVqU+fxOm5S9uE=
github.com/tythe-protocol/z_test3 v0.0.0-20190210063652-bd9f3ddaebfa h1:IsqGttGrvS5g9ri5La1uxyk8OCSzmT9iWuKPiMCsYcE=
github.com/tythe-protocol/z_test3 v0.0.0-20190210063652-bd9f3ddaebfa/go.mod h1:GsXViAvTJ7Ebi4zzUcPwrHI4YvKOmzpWsm5NgaDa1Rc=
github.com/tythe-protocol/z_test3 v0.0.0-20190301223821-08653114aa0d h1:v7ZAo5Xr0gEnTMWUFHRB/hiCJTAYUOMpxYWbEwIozeY=
github.com/tythe-protocol/z_test3 v0.0.0-20190301223821-08653114aa0d/go.mod h1:p0jVfmwCUUSlNrdTUKLnIJ1/oJAEWxDvdGbaFKfrWZc=
github.com/tythe-protocol/z_test4 v0.0.0-20190301223648-41180ef412f2 h1:5qiGpQCs7d/XfLoN2fFL/7hhxb9QZDl5Q8+uAzxAmlI=
github.com/tythe-protocol/z_test4 v0.0.0-20190301223648-41180ef412f2/go.mod h1:efe3bv2kNt4zFvVDUzs/bEdJAdwqdmuCkEvxyfXi/RU=
